
Microsoft Visual Studio Solution File, Format Version 12.00
# Visual Studio Version 16
VisualStudioVersion = 16.0.30114.105
MinimumVisualStudioVersion = 10.0.40219.1
Project("{FAE04EC0-301F-11D3-BF4B-00C04F79EFBC}") = "BowlingScore", "BowlingScore\BowlingScore.csproj", "{8C09CBBA-0680-4859-B07F-CB1FFF1A8503}"
EndProject
Project("{FAE04EC0-301F-11D3-BF4B-00C04F79EFBC}") = "BowlingScore.Tests", "BowlingScore.Tests\BowlingScore.Tests.csproj", "{5ED9A6A1-634C-4CDB-ABB2-8093A034A5CB}"
EndProject
Global
	GlobalSection(SolutionConfigurationPlatforms) = preSolution
		Debug|Any CPU = Debug|Any CPU
		Release|Any CPU = Release|Any CPU
	EndGlobalSection
	GlobalSection(SolutionProperties) = preSolution
		HideSolutionNode = FALSE
	EndGlobalSection
	GlobalSection(ProjectConfigurationPlatforms) = postSolution
		{8C09CBBA-0680-4859-B07F-CB1FFF1A8503}.Debug|Any CPU.ActiveCfg = Debug|Any CPU
		{8C09CBBA-0680-4859-B07F-CB1FFF1A8503}.Debug|Any CPU.Build.0 = Debug|Any CPU
		{8C09CBBA-0680-4859-B07F-CB1FFF1A8503}.Release|Any CPU.ActiveCfg = Release|Any CPU
		{8C09CBBA-0680-4859-B07F-CB1FFF1A8503}.Release|Any CPU.Build.0 = Release|Any CPU
		{5ED9A6A1-634C-4CDB-ABB2-8093A034A5CB}.Debug|Any CPU.ActiveCfg = Debug|Any CPU
		{5ED9A6A1-634C-4CDB-ABB2-8093A034A5CB}.Debug|Any CPU.Build.0 = Debug|Any CPU
		{5ED9A6A1-634C-4CDB-ABB2-8093A034A5CB}.Release|Any CPU.ActiveCfg = Release|Any CPU
		{5ED9A6A1-634C-4CDB-ABB2-8093A034A5CB}.Release|Any CPU.Build.0 = Release|Any CPU
	EndGlobalSection
EndGlobal
