
Microsoft Visual Studio Solution File, Format Version 12.00
# Visual Studio Version 16
VisualStudioVersion = 16.0.30114.105
MinimumVisualStudioVersion = 10.0.40219.1
Project("{FAE04EC0-301F-11D3-BF4B-00C04F79EFBC}") = "BowlingGame", "BowlingGame\BowlingGame.csproj", "{FF744A73-29D2-4297-83CC-B5846B9080CC}"
EndProject
Project("{FAE04EC0-301F-11D3-BF4B-00C04F79EFBC}") = "BowlingGame.Tests", "BowlingGame.Tests\BowlingGame.Tests.csproj", "{986BFAB5-1CF7-4EEE-B995-02D224A5FD0B}"
EndProject
Global
	GlobalSection(SolutionConfigurationPlatforms) = preSolution
		Debug|Any CPU = Debug|Any CPU
		Release|Any CPU = Release|Any CPU
	EndGlobalSection
	GlobalSection(SolutionProperties) = preSolution
		HideSolutionNode = FALSE
	EndGlobalSection
	GlobalSection(ProjectConfigurationPlatforms) = postSolution
		{FF744A73-29D2-4297-83CC-B5846B9080CC}.Debug|Any CPU.ActiveCfg = Debug|Any CPU
		{FF744A73-29D2-4297-83CC-B5846B9080CC}.Debug|Any CPU.Build.0 = Debug|Any CPU
		{FF744A73-29D2-4297-83CC-B5846B9080CC}.Release|Any CPU.ActiveCfg = Release|Any CPU
		{FF744A73-29D2-4297-83CC-B5846B9080CC}.Release|Any CPU.Build.0 = Release|Any CPU
		{986BFAB5-1CF7-4EEE-B995-02D224A5FD0B}.Debug|Any CPU.ActiveCfg = Debug|Any CPU
		{986BFAB5-1CF7-4EEE-B995-02D224A5FD0B}.Debug|Any CPU.Build.0 = Debug|Any CPU
		{986BFAB5-1CF7-4EEE-B995-02D224A5FD0B}.Release|Any CPU.ActiveCfg = Release|Any CPU
		{986BFAB5-1CF7-4EEE-B995-02D224A5FD0B}.Release|Any CPU.Build.0 = Release|Any CPU
	EndGlobalSection
EndGlobal
